{
    "_meta": {
        "hash": {
            "sha256": "57967a8435a405653917f0311c36e372261fd52369dad410d01be4ee4a545515"
        },
        "pipfile-spec": 6,
        "requires": {
            "python_version": "3.14"
        },
        "sources": [
            {
                "name": "pypi",
                "url": "https://pypi.org/simple",
                "verify_ssl": true
            }
        ]
    },
    "default": {
        "bitarray": {
            "hashes": [
                "sha256:00430df302dd0367e0aeae7dc71c0d250166e67514f828c853050560ebbaa782",
                "sha256:027766e71da6063cb51fcd4c51f031ac14d5088ecb55e4500ffd692d78630dd3",
                "sha256:04eb0d6c554e8769c492da71ef503fa955c1b078676b6a44d7e8d5e0808e53a8",
                "sha256:051e0868e0b5ca53f2365b8840fe2ff54a68ae54ed2ff4e1e521db68c3d3f1df",
                "sha256:0d868d83f34ee084ef18187e1ccfcff309550cf997a0c35ec2a13a4ec1d9b537",
                "sha256:116a23f655f394f80f41fdc03368862485ac05534a56991eefb9f18f72e17f17",
                "sha256:12249fecc687925e29a7879d8705a0af49305e5e3c7d5fe694586a2e6704ec0c",
                "sha256:1382beba2a8c190c242f4251460c40348f5b1a7d125d93cd89f4e502fc6d4a72",
                "sha256:155205159f3c38180a705253341b8200414c0198e86a9b9e2db49010236ff785",
                "sha256:18e93f9822deca48eaa584b2bd3b165bb6e217f7e9b9538a3fb048ac1ae13ba2",
                "sha256:1c49fc5f57eea2e859a3f2936a1fed84510af6f7464572b641485de2d22148cb",
                "sha256:1de25e4714402ccb461a66ea5cee2229818b6cf6aaed420690dae32979ed7b3d",
                "sha256:22befa4557bddcc4bbb9e565ae73635b6d7abdefc35a3fa784b9d534f86e6605",
                "sha256:23ff70ee2f2a36ae089f769baeabe05753e02dd42b25aec20c78cd237af968ce",
                "sha256:24122b069859bf99d50ae785f56deb0e97dd53d60bf2b47db5954d48cce84e97",
                "sha256:260e31096fd8c833d3f39b6134fe9f87954f2482964e0aa377457d5649028906",
                "sha256:301763ffde9d288c5a58dda51c5290bc1081c2bc0faf266c4aef227ca59004d5",
                "sha256:30597fa6f4116eb6e374568d4f4de7e220462368ec7ce37d93403871bdf27a8c",
                "sha256:31c06680231d37da8f4222c1d924d60f7c6809aa83797312b9697a127979fa7f",
                "sha256:32e9fcd8fdeb1ca4e12a538a3e3a8ea50581bb1fcb3262cc67fe110bdb765580",
                "sha256:36da946f64e10e28b23f345fde90f4d14e9c2e9013364fe04d9b2013e7291285",
                "sha256:37f387c0cc9c63ab566551a819f2fbbc552a1d215f8d933ee285624eb3af6c83",
                "sha256:386503399eec57cbfa73d63509315e557460ac20e2e12efb29c4163f171bdae6",
                "sha256:387b64dc54be3732a0988bf3731fc06d7d4f52dc9470d1a5479e8ce2b67d368b",
                "sha256:3889cf12ae0c04076772c8be66655bfe5925003b44dec056b569a68a121f7e93",
                "sha256:3a1093eb1a756f08c7bdeb22969fb463aa62f036dc191ad371af5e292108c611",
                "sha256:3d7a61fe396f14bc5435521ebbbcc7971ab4ae0b3523df5341d6dc9693f29f2d",
                "sha256:3f87ce5c81d7f4a54b360731f8816c0106e9dc64ef4a2c4b9821840cf3e90791",
                "sha256:403800cb9108b215b409c41b1c29be75c291813f40ba5db9099ca10294cc7648",
                "sha256:41545b21384fd91767d294a5b3526c6306f7db577cf59ba72b51498e90bd52a7",
                "sha256:470940879d8553fecddc3cf306b7d4b69fa0f5b7a6e3790b238fe553578061c1",
                "sha256:4809eac58bcbef01915bc29e214f86ea70b52fab1a436af2c2f862709bd68b11",
                "sha256:4b38439576ba0074ee454f1289396f51ffe1713b8a1077820be555bd5de0b737",
                "sha256:4bddbc76e619a36d2abad14713c4dd970a8fa46a75a85ebbb626a2f26f1821d8",
                "sha256:52741a1d24a3723a8151259906cf1befeaf3d4ccf7d3e27e8be4334590b59bcd",
                "sha256:52b3101ea72ffe0433487dad46cc12b796c2c0546558682fc309a2828903afae",
                "sha256:52e3cfb4fb883a81c80b14e9286030e9417627223d30e81e1397cd39f338aaf4",
                "sha256:55370f00c52b5e46800fee0218a27a1b99db6e09113c1b804190c039e4350ea1",
                "sha256:5605c8e74f95f77dd1b93c8c83d6fefe0d41d2704683d4a72152ca5284e2546d",
                "sha256:56a2aa49e900aa927c147328e571da8a38a50ae99277ed093290845498dedefc",
                "sha256:5db38c0a36d07190c3629c65dab2504233a56b1c35d8b1cc3d7369943d028711",
                "sha256:5f2578852b9280291a1b3484930587be9604af6495feb218b86aeee995f4d6ff",
                "sha256:664f02e6e2c63fcc1c02718d2daa21b04f77a18ef3850a9b348597c0c8a0f222",
                "sha256:769d93669a90e33282eaccb33537a4a80b314e476ed16fc986e0148bcc72ceb3",
                "sha256:7ad6b6cd9558529a9e51ef981cef5b3439acd0a913d25562dc56220078bd4968",
                "sha256:7b16df7ddef03e30622d894cce86a560b7888415ddcac470eb99940a5adf1a35",
                "sha256:7d1c46e15d426d88420877a8a56aeb70fa5487c53c42185937254bbc076d3af8",
                "sha256:819341386eb8a031eba8471ca72723e1bcdc56e35e79f9faa04e265cf64368a3",
                "sha256:823638d0a900cea53c173fb31f5f1f4b913065a92fa3406d9b20eb7b7ebf189d",
                "sha256:86dfaab663a2ad16ed2f6252116cf034cfc84282aa744f19a9a66542e85c9ca9",
                "sha256:8b77aa18131418b869be882df1c5e229fb02f90861783bbe638d9ebe296e9209",
                "sha256:8d3763f5061d890c522ee7a16c42c7fedbd114d8a031f6121471504704a70253",
                "sha256:8e799c9eaa4f10b14fa34430e5bd0d8668bbbe5c4eb0f59697ecde902304842f",
                "sha256:903a9a62521fe84b4126ecfefbb2755ce50a6dbd8be96a021c5e8990883b234a",
                "sha256:93a7f9f9f848ec79f19fdd39f3b8f750d9abf8e65cd6fb3a045df192de23855d",
                "sha256:962dc3e5622a08bb1c1ad429a9f7dace7efadd7fef1fcdf1628a6db142333256",
                "sha256:9767500d7c180eac5f6bb08819fcfa6630b609d52d51b3396a3c9f9809f78743",
                "sha256:97cd5913000e4e56d211f7db053284d1f753aed34838368769bf084474a76f0a",
                "sha256:9808734d1e5fd2839660a9db1abfe93e9d64b2aa9ed59aa480193ad93e8d620e",
                "sha256:9aafe7dc6d568470f5c297d0b15acddd3afc1677c983f0460b28f8cac4e9360c",
                "sha256:9ba6f68d39a160b9175ba3710e45ba560731805f10bfcd716184c9bfd3d60cf4",
                "sha256:9db61968efb834dacda6bcd7ef1f8a033253a53ac31426a684a28a7e4c9f2f29",
                "sha256:aac6b951d9f50280728a61e5edadb0d109930dff9b42c6ad45aad7a4f2df1503",
                "sha256:ab0988829e4ed10fa971842e9fbf77595b8a4557a078a3589b0754f06417ddff",
                "sha256:ac322a81c3c938c13093d8d77c419093f50118c29fbfa9eb80813d93af1a2d95",
                "sha256:ae83b41711788b7c2b0ea2230176e1caf3349119c1dd62c8e35e62809e0f7893",
                "sha256:afe8ee837c085eeeaead62429f260a2de3a0602d1a34bcdead8b9f0388ef6114",
                "sha256:b0d57b41cd5d91d9ebe4cbf88c58455f235b119fa7c43cd3b87d79d161a4c731",
                "sha256:b1f90eb79230a2d2407b7c08857634f0868c67fd5ab849eb812c75c496fa7e40",
                "sha256:b1fb6d974e70eb5d4b5845fb890024154a85017f2101d11681c3836332cc0cbb",
                "sha256:b22b4df5f5e76e4c9b033570ce13b750d8209e198bc8e1c7bf012a4688e42bee",
                "sha256:b2e67fb3527d15b32b641dd2c3bd15eceb3407877d717e06ef98b60792606e1d",
                "sha256:b313dec833e8ca77068d8bcc983d2ce09a97304dd715a80a4d7e50b5b030fd1e",
                "sha256:b4afbb464a1db2d37858bd3b87bd59a76b4aae5e29ec007a9fd00bf5a911e1da",
                "sha256:bca7decc355277a7bc4fb315e90d557341c1e0558488f6dcd2101fd410db6307",
                "sha256:be64657bf842bea37790ef304f88a6465e566355a42c04f3767635b92b35beb2",
                "sha256:bf19437ec00ec3d40aef82eaeedc14cf4000be9b635c4f5049796506e6630dd8",
                "sha256:c1019995c19fdfbf53226d8c8af95523fbd9c74f5c375ccc0673ccf39eb14c31",
                "sha256:c143d28bee6473186f8a76c18937ec84bdc3cd4cb8d5350766481143aa7706a3",
                "sha256:c231217ef0ec0352d9327eaa61c0ab26252ad6b9a90002365f603470869a48d2",
                "sha256:c4cabc2439ab3ce76881037741bf41e9fafda217ff721fdee92701e5fe3c8b9c",
                "sha256:c54a7b5fa924f016d725b6056d9e4a97ab2ef6ad8c049e916c532d723187a5d5",
                "sha256:c56b9a61235fae422c670835ac36eb70e20582d1956401b38fd25c3291af9378",
                "sha256:c5bdd4531df12676d19bdfcce4d773c1f790448a7e1db3a2710fb674428987ef",
                "sha256:cccc658d26c464409c46b9c41028a1c3c5da90bec6e7330c69a646f34199451a",
                "sha256:cfbbb23d8db2abe2cd098157ea35e1e9860d1c26e2487422b5a39ef6eb85c549",
                "sha256:d084fa59c94d3fec7eac6793e08162fa697aa4e70b9f519618c29d3e54eda752",
                "sha256:d62e73fcdd273d07b1e9699de0e66e4d367b28c554c86bfe7c92029337c2a414",
                "sha256:d66597cdffaffe106f057874c9e95e4f84c4ee701a271b6213325ebd423ce13b",
                "sha256:db35aa7cc2f236d8bef09da1a67fe145e376b7ca5f95195dd6fc9dcd82cc4ce2",
                "sha256:de25b8c76fe9fe7d9c6bce2832096f020133e1d21e2841abd7280937bf90e56e",
                "sha256:e5efe99e2525d288eeeb5f71a026a2d5280702f73c835a2bac58f2932adf6af9",
                "sha256:e9beee2047addf3e404eaeeb0da785b43fe91b942a0e5416dc821de5bb9349ef",
                "sha256:ec3d8b99a92220bdba382acf4eff370d6a6cda34a5ce936726cb9e8cf2427c47",
                "sha256:ece8caff2fb31d6c69430d3dfc0efff70083e66b012f7f5de60cfe5dca98ba87",
                "sha256:ed14ff0c75ca56b6bcb51443f3dfb7743414159538c1bbaa3b73b8228372b096",
                "sha256:f0df7eadda7086bf8ebf0a9bc7b5b8386ba5061d3f888f1f088ab8d877c33144",
                "sha256:f23601f400323c7a8b57d271f6b841c40630afe24ddffd0c5be99ce3dec486e9",
                "sha256:f5c5f9b79689a6826a4d4dd912506028538b672fc93533d0b2b6247406751e54",
                "sha256:fb7ad4e6ee69cf53f12bdb7b306964dcdf8d58c20180c8d841eba029fc7b4847",
                "sha256:fbd3da71fcc23143f901a2c7698f3a10017ec8f1d0f7740b6854e907f860cb04",
                "sha256:fc08c36ac282866d44325aaa778892394087ce88a64475d48abe52b564da85b1",
                "sha256:fcc8d9723956af19afb215ffb82a39ab810bc8bca2000640b3fd8c884307a6f3",
                "sha256:ff7cd750397eb61cb43bd368a4e1f7ce8897ab3bd26e7e5b90a60ec339588df0"
            ],
            "markers": "python_version >= '3.7'",
            "version": "==3.11.0"
        },
        "pdfreader": {
            "hashes": [
                "sha256:2ee1252cc5f21a2f8cadb458decd85c1313271abb5bac1e4363a3e0e17e2dd87",
                "sha256:bfd0d29c0d70a81b767b42b6959dd588a8290086c8c72a828739c1e2bda07eba"
            ],
            "index": "pypi",
            "markers": "python_version >= '3.4'",
            "version": "==0.1.15"
        },
        "pillow": {
            "hashes": [
                "sha256:00808c5e14ef63ac5161091d242999076604ff74b883423a11e5d7bbb38bf756",
                "sha256:04f01d28a6aaff387bf842a13be313df23ba0597a44f1a976c9feb3c6ff4711a",
                "sha256:06ff022112bc9cbf83b60f8e028d94ad87b60621706487e65f673de61610ab59",
                "sha256:0740a512dc522224c77d9aa5a8d70d8b7d73fb91f2c21125d8d025d3b8990e45",
                "sha256:0847a763afefb695bc912d7c131e7e0632d4edc1d8698f58ddabec8e46b8b6d3",
                "sha256:0dd2064cbc55aaec028ef5fbb60fa47bb6c3e7918e07ff17935284b227a9d2df",
                "sha256:0feb2e9d6ad6c9e3c06effe9d00f3f1e618a6643273576b016f591e9315a7139",
                "sha256:10e41f0fbf1eec8cfd234b8fe17a4caac7c9d0db4c204d3c173a8f9f6ef3232b",
                "sha256:1182d52bc2d5e5d7d0949503aa7e36d12f42205dc287e4883f407b1988820d39",
                "sha256:164b31cd1a0490ab6efae01aa5df49da7061be0af1b30e035b6e9a1bfe34ee6e",
                "sha256:1657923d2d45afb66526e5b933e5b3052e6bdea196c90d3abb2424e18c77dae8",
                "sha256:186941b6aef820ad110fb01fb06eb925374dc3a21b17e37ec9a53b250c6fe2d1",
                "sha256:1cca606cd25738df4ed873d5ad46bbdb3d83b5cbca291f6b4ff13a4df6b0bbe8",
                "sha256:21900ce7ba264168cd50defae43cd75d25c833ad4ad6e73ffc5596d12e25ac89",
                "sha256:236ff70b9312fb68943c703aa842ca6a758abfa45ac187a5e7c1452e96ef72b5",
                "sha256:23aceaa007d6172b02c277f0cd359c79492bbb14f7072b4ede9fbcaf20648130",
                "sha256:23d27a3e0307ec2244cc51e7287b919aa68d097504ebe19df4e76a98a3eea5bd",
                "sha256:24870b09b224f7ae3c39ed07d10e819d06f8720bc551847b1d623832b5b0e28d",
                "sha256:251bf95b67017e27b13d82f5b326234ca62d70f9cf4c2b9032de2358a3b12c7b",
                "sha256:25b9b82bb22e6e2b3cd07b39c68b7b862001226cb3dff7130d1cb914121b39ed",
                "sha256:28ce87c5ab450a9dd970b52e5aca5fe63ed432d18a2eaddd1979a00a1ba24ace",
                "sha256:300557495eb45ebb8aec96c2da9c4be642fbf7cd937278b4013ba894ea8eb0eb",
                "sha256:30f2aa603c41533cc25c05acd0da21636e84a315768feb631c937177db558931",
                "sha256:331b624368d4f1d069149002f25f44bc61c8919ce8ddb3c45bdad8f6e2d89510",
                "sha256:37d6d0a00072fd2948eb22bce7e1475f34569d90c87c59f7a2ec59541b77f7a6",
                "sha256:37dc8f7bbb66efe481bb60defacef820c950c24713fb44962ed6aa2a50966de1",
                "sha256:3b8182a766685eaa002637e28b4ec8d6b18819a0c71f579bf0dbaa5830297cce",
                "sha256:3edce1d53195db527e0191f84b71d02022de0540bf43a16ed734ed7537b07385",
                "sha256:446c34dcc4324b084a53b705127dc15717b22c5e140ae0a3c38349d4efec071e",
                "sha256:4998562bf62a445225f22e07c896bb04b35b1b1f2eb6d760584c9c51d7a5f78c",
                "sha256:4b0a7fe987b14c31ebda6083f74f22b561fd3739bc0ac51e019622e3d72668c7",
                "sha256:4e8c2a84d977f50b9daed6eeaf3baef67d00d5d74d932288f02cb94518ee3ace",
                "sha256:4f883547d4b7f0495ebe7056b0cc2aea76094e7a4abc8e933540f3271df27d9c",
                "sha256:514435a37670e3e5e08f3945b68718b6ed329bb84367777e16f9f4dfe1e61a0f",
                "sha256:53aa02d20d10c3d814d536aa4e5ac9b84ca0ff5a88377963b085ad6822f93e64",
                "sha256:5594fc43d548a7ed94949d139aa1341b270f1863f11cfd37f5a6c8b778a6b67f",
                "sha256:571b9fcb07b97ef3a492028fb3d2dc0993ca23a06138b0315286566d29ef718a",
                "sha256:57b3d78c95ba9059768b10e28b813002261d3f3dfc55cc48b0c988f625175827",
                "sha256:5afb51d599ea772b8365ae807ae557f18bccfe46ab261fd1c2a9ed700fc6eb17",
                "sha256:6b02afb9b97f65fbca5f31db6a2a3ba21aa93030225f150fa3f249717e938fb4",
                "sha256:6c0016e7b354317c4e9e525b937ac8596c38d2d232b419529b9cd7a1cd46e39a",
                "sha256:71d6097b330eea8fd15097780c8e89cb1a8ce7838669f48c5bacd6f663dd4701",
                "sha256:756c768d0c9c2955feb7a56c37ea24aea2e369f8d36a88da270b6a9f19e62b5e",
                "sha256:78cb2c6865a35ab8ff8b75fd122f6033b92a62c82801110e48ddd6c936a45d91",
                "sha256:7a743ff716f746fc19a9557f60dab1600d4613255f8a7aeb3cdde4db7eb15a66",
                "sha256:85f998ea1848bc6757289e739cfbdda3a04adfd58b02fc018ce54d754a5ce468",
                "sha256:8728f216dcdb6e6d555cf971cb34076139ad74b31fc2c14da4fafc741c5f6217",
                "sha256:877c3f311ff35410f690861c4409e7ccbf0cd2f878e50628a28e5a0bb689e658",
                "sha256:8cd2f7bdda092d99c9fc2fb7391354f306d01443d22785d0cbfafa2e2c8bb418",
                "sha256:8e95e1385e4998ae9694eeaa4730ba5457ff61185b3a55e2e7bea0880aef452a",
                "sha256:962864dc93511324d51ddbb5b9f8731bf71675b93ca612a07441896f4688fb8c",
                "sha256:9cf95fe4d0f84c82d282745d9bb08ad9f926efa00be4697e767b814ce40d4330",
                "sha256:9e881fca225083806662a5c43d627d215f258ff43c890f831966c7d7ba9c7402",
                "sha256:a2b55dd6b2a4c4b7d87ffa56bdb33fdc5fdb9a462173861a7bc097f17d91cb09",
                "sha256:a45650e8ce7fafffd731db8550230db6b0d306d181a90b67d3e6bca2f1990930",
                "sha256:a876864214e136f0eb367788dbd7df045f4806801518e2cfe9e13229cfe06d8f",
                "sha256:ae26d61dfa7a47befdc7572b521024e8745f3d809bd95ca9505a7bba9ef849ec",
                "sha256:af8d94b0db561cf68b88a267c5c44b49e134f525d0dc2cb7ed413a66bc23559a",
                "sha256:b343699e8308bdc51978310e1c959c584e7869cc8c40780058c87da7781a1e94",
                "sha256:b3c777e849237620b022f7f297dd67705f9f5cf1685f09f02e46f93e92725468",
                "sha256:b629de27fda84b42cde7edef0d85f13b958b47f6e9bbcbba9b673c562a89bd8b",
                "sha256:ba09209fbe443b4acccebe845d8a138b89a8f4fbaeedd44953490b5315d5e965",
                "sha256:ba54cfebe86920a559a7c4d6b9050791c20513650a1952ebe3368c7dc70306f8",
                "sha256:bcb46e2f9feff8d06323983bd83ed00c201fdcab3d74973e7072a889b3979fcd",
                "sha256:bcc33feacfaefce60c12fd500a277533bdc02b10a19f7f6d348763d8140bbba7",
                "sha256:bf16ba1b4d0b6b7c8e534936632270cf70eb00dbe09005bc345b2677b726855c",
                "sha256:cf1845d02ad822a369a49f2bb9345b1614744267682e7a03527dc3bf6eea1777",
                "sha256:d69141514cc30b774ceea5e3ed3a6635c8d8a96edf664689b890f4089111fb35",
                "sha256:d9c7f76c0673154f044e9d78c8655fb4213f6ca31a836df48b40fe5d187717b9",
                "sha256:dbce0b29841537a2fa4a214c2bbf14de3587c9680caa9b4e217568472490b28f",
                "sha256:dc624f6bc473dacdf7ef7eb8678d0d08edf15cd94fad6ae5c7d6cc67a4e4902f",
                "sha256:e158cb00350dc278f3b91551101aa7d12415a66ebf2c91d8d5ac14e56ddd3ad0",
                "sha256:e491916b378fba47242221bb9ead245211b70d504f495d105d17b14a24b4907c",
                "sha256:e795b7eb908249c4e43c7c99fac7c2c75dab0c43566e37db472a355f63693d71",
                "sha256:e7e480451b9fa137494bccd3a7d69adbe8ac65a87d97be61e11f1b1050a5bac3",
                "sha256:e91206ee562682b51b98ef4b26a6ef48fd84e15fd4c4bc5ec768eb641d206838",
                "sha256:e9871b1ffbfa9656b60aeee92ed5136a5742696006fa322b29ea3d8da0ecc9cf",
                "sha256:e9aeb04d6aef139de265b29683e119b638208f88cf73cdd1658aa07221165321",
                "sha256:ebaea975e03d3141d9d3a507df75c9b3ec90fa9d2ffd07567b3a978d9d790b26",
                "sha256:f0606c8bf2cdefea14a43530f7657cbbb7ecf1c4222512492ef4a4434a9501ec",
                "sha256:f13c32a3abd6079a66d9526e18dad9b6d280384d49d7c54040cd57b6424041d9",
                "sha256:f7401aebd7f581d7f83a439d87d474999317ee099218e5ad25d125290990ba65",
                "sha256:fa4ecea169a355be7a3ade2c783e2ed12f0e40d2c5621cda8b3297faf7fbb9f5",
                "sha256:fbd139c8447d25dd750ab79ee274cc5e1fe80fc56340ab10b18a195e1b6eca3e",
                "sha256:fdafc9cce40277e0f7a0feabce0ee50dd2fa1800f3b38015e51296b5e814048d",
                "sha256:fe3cca2e4e8a592be0f269a1ca4835c25199d9f3ce815c8491048f785b0a0198",
                "sha256:ffd0c5368496f41b0944be820fcb7a838aa6e623d250b01acf2643939c3f99d7"
            ],
            "markers": "python_version >= '3.10'",
            "version": "==12.3.0"
        },
        "pycryptodome": {
            "hashes": [
                "sha256:0011f7f00cdb74879142011f95133274741778abba114ceca229adbf8e62c3e4",
                "sha256:11eeeb6917903876f134b56ba11abe95c0b0fd5e3330def218083c7d98bbcb3c",
                "sha256:14e15c081e912c4b0d75632acd8382dfce45b258667aa3c67caf7a4d4c13f630",
                "sha256:156df9667ad9f2ad26255926524e1c136d6664b741547deb0a86a9acf5ea631f",
                "sha256:187058ab80b3281b1de11c2e6842a357a1f71b42cb1e15bce373f3d238135c27",
                "sha256:257bb3572c63ad8ba40b89f6fc9d63a2a628e9f9708d31ee26560925ebe0210a",
                "sha256:350ebc1eba1da729b35ab7627a833a1a355ee4e852d8ba0447fafe7b14504d56",
                "sha256:447700a657182d60338bab09fdb27518f8856aecd80ae4c6bdddb67ff5da44ef",
                "sha256:45c69ad715ca1a94f778215a11e66b7ff989d792a4d63b68dc586a1da1392ff5",
                "sha256:4764e64b269fc83b00f682c47443c2e6e85b18273712b98aa43bcb77f8570477",
                "sha256:507dbead45474b62b2bbe318eb1c4c8ee641077532067fec9c1aa82c31f84886",
                "sha256:53ecbafc2b55353edcebd64bf5da94a2a2cdf5090a6915bcca6eca6cc452585a",
                "sha256:573a0b3017e06f2cffd27d92ef22e46aa3be87a2d317a5abf7cc0e84e321bd75",
                "sha256:63dad881b99ca653302b2c7191998dd677226222a3f2ea79999aa51ce695f720",
                "sha256:64093fc334c1eccfd3933c134c4457c34eaca235eeae49d69449dc4728079339",
                "sha256:6501790c5b62a29fcb227bd6b62012181d886a767ce9ed03b303d1f22eb5c625",
                "sha256:67bd81fcbe34f43ad9422ee8fd4843c8e7198dd88dd3d40e6de42ee65fbe1490",
                "sha256:6fe8258e2039eceb74dfec66b3672552b6b7d2c235b2dfecc05d16b8921649a8",
                "sha256:763d1d74f56f031788e5d307029caef067febf890cd1f8bf61183ae142f1a77b",
                "sha256:7ac1080a8da569bde76c0a104589c4f414b8ba296c0b3738cf39a466a9fb1818",
                "sha256:865d83c906b0fc6a59b510deceee656b6bc1c4fa0d82176e2b77e97a420a996a",
                "sha256:89d4d56153efc4d81defe8b65fd0821ef8b2d5ddf8ed19df31ba2f00872b8002",
                "sha256:90460fc9e088ce095f9ee8356722d4f10f86e5be06e2354230a9880b9c549aae",
                "sha256:93837e379a3e5fd2bb00302a47aee9fdf7940d83595be3915752c74033d17ca7",
                "sha256:954af0e2bd7cea83ce72243b14e4fb518b18f0c1649b576d114973e2073b273d",
                "sha256:9a53a4fe5cb075075d515797d6ce2f56772ea7e6a1e5e4b96cf78a14bac3d265",
                "sha256:9a77627a330ab23ca43b48b130e202582e91cc69619947840ea4d2d1be21eb39",
                "sha256:a176b79c49af27d7f6c12e4b178b0824626f40a7b9fed08f712291b6d54bf566",
                "sha256:a7fc76bf273353dc7e5207d172b83f569540fc9a28d63171061c42e361d22353",
                "sha256:aa0698f65e5b570426fc31b8162ed4603b0c2841cbb9088e2b01641e3065915b",
                "sha256:b34e8e11d97889df57166eda1e1ddd7676da5fcd4d71a0062a760e75060514b4",
                "sha256:c75b52aacc6c0c260f204cbdd834f76edc9fb0d8e0da9fbf8352ef58202564e2",
                "sha256:c8987bd3307a39bc03df5c8e0e3d8be0c4c3518b7f044b0f4c15d1aa78f52575",
                "sha256:ce64e84a962b63a47a592690bdc16a7eaf709d2c2697ababf24a0def566899a6",
                "sha256:cfb5cd445280c5b0a4e6187a7ce8de5a07b5f3f897f235caa11f1f435f182843",
                "sha256:d8e95564beb8782abfd9e431c974e14563a794a4944c29d6d3b7b5ea042110b4",
                "sha256:d97618c9c6684a97ef7637ba43bdf6663a2e2e77efe0f863cce97a76af396446",
                "sha256:ddb95b49df036ddd264a0ad246d1be5b672000f12d6961ea2c267083a5e19379",
                "sha256:dea827b4d55ee390dc89b2afe5927d4308a8b538ae91d9c6f7a5090f397af1aa",
                "sha256:e3f2d0aaf8080bda0587d58fc9fe4766e012441e2eed4269a77de6aea981c8be",
                "sha256:eb8f24adb74984aa0e5d07a2368ad95276cf38051fe2dc6605cbcf482e04f2a7"
            ],
            "markers": "python_version >= '2.7' and python_version not in '3.0, 3.1, 3.2, 3.3, 3.4, 3.5, 3.6'",
            "version": "==3.23.0"
        },
        "pypdf2": {
            "hashes": [
                "sha256:a74408f69ba6271f71b9352ef4ed03dc53a31aa404d29b5d31f53bfecfee1440",
                "sha256:d16e4205cfee272fbdc0568b68d82be796540b1537508cef59388f839c191928"
            ],
            "index": "pypi",
            "markers": "python_version >= '3.6'",
            "version": "==3.0.1"
        },
        "python-dateutil": {
            "hashes": [
                "sha256:37dd54208da7e1cd875388217d5e00ebd4179249f90fb72437e91a35459a0ad3",
                "sha256:a8b2bc7bffae282281c8140a97d3aa9c14da0b136dfe83f850eea9a5f7470427"
            ],
            "markers": "python_version >= '2.7' and python_version not in '3.0, 3.1, 3.2'",
            "version": "==2.9.0.post0"
        },
        "six": {
            "hashes": [
                "sha256:4721f391ed90541fddacab5acf947aa0d3dc7d27b2e1e8eda2be8970586c3274",
                "sha256:ff70335d468e7eb6ec65b95b99d3a2836546063f63acc5171de367e834932a81"
            ],
            "markers": "python_version >= '2.7' and python_version not in '3.0, 3.1, 3.2'",
            "version": "==1.17.0"
        }
    },
    "develop": {}
}
